
Microsoft Visual Studio Solution File, Format Version 12.00
# Visual Studio 2013
VisualStudioVersion = 12.0.21005.1
MinimumVisualStudioVersion = 10.0.40219.1
Project("{FAE04EC0-301F-11D3-BF4B-00C04F79EFBC}") = "kplus_silverlight_player", "kplus_silverlight_player\kplus_silverlight_player.csproj", "{6E19C972-4C2E-4D04-801D-C81A022AF535}"
EndProject
Project("{FAE04EC0-301F-11D3-BF4B-00C04F79EFBC}") = "kplus_silverlight_player.Web", "kplus_silverlight_player.Web\kplus_silverlight_player.Web.csproj", "{F12C659B-A604-44A6-9884-740B7E331EA9}"
EndProject
Global
	GlobalSection(SolutionConfigurationPlatforms) = preSolution
		Debug|Any CPU = Debug|Any CPU
		Release|Any CPU = Release|Any CPU
	EndGlobalSection
	GlobalSection(ProjectConfigurationPlatforms) = postSolution
		{6E19C972-4C2E-4D04-801D-C81A022AF535}.Debug|Any CPU.ActiveCfg = Debug|Any CPU
		{6E19C972-4C2E-4D04-801D-C81A022AF535}.Debug|Any CPU.Build.0 = Debug|Any CPU
		{6E19C972-4C2E-4D04-801D-C81A022AF535}.Release|Any CPU.ActiveCfg = Release|Any CPU
		{6E19C972-4C2E-4D04-801D-C81A022AF535}.Release|Any CPU.Build.0 = Release|Any CPU
		{F12C659B-A604-44A6-9884-740B7E331EA9}.Debug|Any CPU.ActiveCfg = Debug|Any CPU
		{F12C659B-A604-44A6-9884-740B7E331EA9}.Debug|Any CPU.Build.0 = Debug|Any CPU
		{F12C659B-A604-44A6-9884-740B7E331EA9}.Release|Any CPU.ActiveCfg = Release|Any CPU
		{F12C659B-A604-44A6-9884-740B7E331EA9}.Release|Any CPU.Build.0 = Release|Any CPU
	EndGlobalSection
	GlobalSection(SolutionProperties) = preSolution
		HideSolutionNode = FALSE
	EndGlobalSection
EndGlobal
